
Microsoft Visual Studio Solution File, Format Version 12.00
# Visual Studio Version 17
VisualStudioVersion = 17.1.32210.238
MinimumVisualStudioVersion = 10.0.40219.1
Project("{9A19103F-16F7-4668-BE54-9A1E7A4F7556}") = "GameServer", "GameServer\GameServer.csproj", "{D1A5826B-982C-40D1-BDD6-36895FECD110}"
EndProject
Project("{9A19103F-16F7-4668-BE54-9A1E7A4F7556}") = "AccountServer", "AccountServer\AccountServer.csproj", "{5C218688-10F1-461A-B089-C51640916417}"
EndProject
Project("{9A19103F-16F7-4668-BE54-9A1E7A4F7556}") = "Launcher", "Launcher\Launcher.csproj", "{F8D0DF4D-A630-425F-BF5F-879CA7D53743}"
EndProject
Project("{9A19103F-16F7-4668-BE54-9A1E7A4F7556}") = "ClientPacketSniffer", "ClientPacketSniffer\ClientPacketSniffer.csproj", "{5D994929-3E07-41D6-B60A-917B62839BA6}"
EndProject
Project("{2150E333-8FDC-42A3-9474-1A3956D46DE8}") = "Server", "Server", "{F4484F6F-A5D9-4B86-94CA-0C7291168D91}"
EndProject
Project("{2150E333-8FDC-42A3-9474-1A3956D46DE8}") = "Tools", "Tools", "{E4227746-579C-4EBB-B73A-708BB5FAB7F9}"
EndProject
Project("{2150E333-8FDC-42A3-9474-1A3956D46DE8}") = "Client", "Client", "{78E3F6BD-85AE-4B1F-8F8D-C94F42958B77}"
EndProject
Project("{2150E333-8FDC-42A3-9474-1A3956D46DE8}") = "Shared", "Shared", "{1DD51B50-A110-4657-90C5-9836D98784B8}"
EndProject
Project("{9A19103F-16F7-4668-BE54-9A1E7A4F7556}") = "GamePackets", "GamePackets\GamePackets.csproj", "{C6965435-D121-4410-8289-3CD5A8248F36}"
EndProject
Project("{9A19103F-16F7-4668-BE54-9A1E7A4F7556}") = "Library", "Library\Library.csproj", "{0F2B886F-452D-43B6-9E5A-D78DA4C97D66}"
EndProject
Project("{9A19103F-16F7-4668-BE54-9A1E7A4F7556}") = "Models", "Models\Models.csproj", "{1CE47CE5-34B1-42E2-8E05-3EEEC1051DEF}"
EndProject
Project("{9A19103F-16F7-4668-BE54-9A1E7A4F7556}") = "ClientPacketSnifferApp", "ClientPacketSnifferApp\ClientPacketSnifferApp.csproj", "{2D568EC8-C6FE-4D03-A875-0815A6BD35E7}"
EndProject
Global
	GlobalSection(SolutionConfigurationPlatforms) = preSolution
		Debug|Any CPU = Debug|Any CPU
		Debug|x64 = Debug|x64
		Debug|x86 = Debug|x86
		Release|Any CPU = Release|Any CPU
		Release|x64 = Release|x64
		Release|x86 = Release|x86
	EndGlobalSection
	GlobalSection(ProjectConfigurationPlatforms) = postSolution
		{D1A5826B-982C-40D1-BDD6-36895FECD110}.Debug|Any CPU.ActiveCfg = Debug|Any CPU
		{D1A5826B-982C-40D1-BDD6-36895FECD110}.Debug|Any CPU.Build.0 = Debug|Any CPU
		{D1A5826B-982C-40D1-BDD6-36895FECD110}.Debug|x64.ActiveCfg = Debug|Any CPU
		{D1A5826B-982C-40D1-BDD6-36895FECD110}.Debug|x64.Build.0 = Debug|Any CPU
		{D1A5826B-982C-40D1-BDD6-36895FECD110}.Debug|x86.ActiveCfg = Debug|x86
		{D1A5826B-982C-40D1-BDD6-36895FECD110}.Debug|x86.Build.0 = Debug|x86
		{D1A5826B-982C-40D1-BDD6-36895FECD110}.Release|Any CPU.ActiveCfg = Release|Any CPU
		{D1A5826B-982C-40D1-BDD6-36895FECD110}.Release|Any CPU.Build.0 = Release|Any CPU
		{D1A5826B-982C-40D1-BDD6-36895FECD110}.Release|x64.ActiveCfg = Release|Any CPU
		{D1A5826B-982C-40D1-BDD6-36895FECD110}.Release|x64.Build.0 = Release|Any CPU
		{D1A5826B-982C-40D1-BDD6-36895FECD110}.Release|x86.ActiveCfg = Release|x86
		{D1A5826B-982C-40D1-BDD6-36895FECD110}.Release|x86.Build.0 = Release|x86
		{5C218688-10F1-461A-B089-C51640916417}.Debug|Any CPU.ActiveCfg = Debug|Any CPU
		{5C218688-10F1-461A-B089-C51640916417}.Debug|Any CPU.Build.0 = Debug|Any CPU
		{5C218688-10F1-461A-B089-C51640916417}.Debug|x64.ActiveCfg = Debug|Any CPU
		{5C218688-10F1-461A-B089-C51640916417}.Debug|x64.Build.0 = Debug|Any CPU
		{5C218688-10F1-461A-B089-C51640916417}.Debug|x86.ActiveCfg = Debug|x86
		{5C218688-10F1-461A-B089-C51640916417}.Debug|x86.Build.0 = Debug|x86
		{5C218688-10F1-461A-B089-C51640916417}.Release|Any CPU.ActiveCfg = Release|Any CPU
		{5C218688-10F1-461A-B089-C51640916417}.Release|Any CPU.Build.0 = Release|Any CPU
		{5C218688-10F1-461A-B089-C51640916417}.Release|x64.ActiveCfg = Release|Any CPU
		{5C218688-10F1-461A-B089-C51640916417}.Release|x64.Build.0 = Release|Any CPU
		{5C218688-10F1-461A-B089-C51640916417}.Release|x86.ActiveCfg = Release|x86
		{5C218688-10F1-461A-B089-C51640916417}.Release|x86.Build.0 = Release|x86
		{F8D0DF4D-A630-425F-BF5F-879CA7D53743}.Debug|Any CPU.ActiveCfg = Debug|Any CPU
		{F8D0DF4D-A630-425F-BF5F-879CA7D53743}.Debug|Any CPU.Build.0 = Debug|Any CPU
		{F8D0DF4D-A630-425F-BF5F-879CA7D53743}.Debug|x64.ActiveCfg = Debug|x64
		{F8D0DF4D-A630-425F-BF5F-879CA7D53743}.Debug|x64.Build.0 = Debug|x64
		{F8D0DF4D-A630-425F-BF5F-879CA7D53743}.Debug|x86.ActiveCfg = Debug|x86
		{F8D0DF4D-A630-425F-BF5F-879CA7D53743}.Debug|x86.Build.0 = Debug|x86
		{F8D0DF4D-A630-425F-BF5F-879CA7D53743}.Release|Any CPU.ActiveCfg = Release|Any CPU
		{F8D0DF4D-A630-425F-BF5F-879CA7D53743}.Release|Any CPU.Build.0 = Release|Any CPU
		{F8D0DF4D-A630-425F-BF5F-879CA7D53743}.Release|x64.ActiveCfg = Release|x64
		{F8D0DF4D-A630-425F-BF5F-879CA7D53743}.Release|x64.Build.0 = Release|x64
		{F8D0DF4D-A630-425F-BF5F-879CA7D53743}.Release|x86.ActiveCfg = Release|x86
		{F8D0DF4D-A630-425F-BF5F-879CA7D53743}.Release|x86.Build.0 = Release|x86
		{5D994929-3E07-41D6-B60A-917B62839BA6}.Debug|Any CPU.ActiveCfg = Debug|Any CPU
		{5D994929-3E07-41D6-B60A-917B62839BA6}.Debug|Any CPU.Build.0 = Debug|Any CPU
		{5D994929-3E07-41D6-B60A-917B62839BA6}.Debug|x64.ActiveCfg = Debug|Any CPU
		{5D994929-3E07-41D6-B60A-917B62839BA6}.Debug|x64.Build.0 = Debug|Any CPU
		{5D994929-3E07-41D6-B60A-917B62839BA6}.Debug|x86.ActiveCfg = Debug|Any CPU
		{5D994929-3E07-41D6-B60A-917B62839BA6}.Debug|x86.Build.0 = Debug|Any CPU
		{5D994929-3E07-41D6-B60A-917B62839BA6}.Release|Any CPU.ActiveCfg = Release|Any CPU
		{5D994929-3E07-41D6-B60A-917B62839BA6}.Release|Any CPU.Build.0 = Release|Any CPU
		{5D994929-3E07-41D6-B60A-917B62839BA6}.Release|x64.ActiveCfg = Release|Any CPU
		{5D994929-3E07-41D6-B60A-917B62839BA6}.Release|x64.Build.0 = Release|Any CPU
		{5D994929-3E07-41D6-B60A-917B62839BA6}.Release|x86.ActiveCfg = Release|Any CPU
		{5D994929-3E07-41D6-B60A-917B62839BA6}.Release|x86.Build.0 = Release|Any CPU
		{C6965435-D121-4410-8289-3CD5A8248F36}.Debug|Any CPU.ActiveCfg = Debug|Any CPU
		{C6965435-D121-4410-8289-3CD5A8248F36}.Debug|Any CPU.Build.0 = Debug|Any CPU
		{C6965435-D121-4410-8289-3CD5A8248F36}.Debug|x64.ActiveCfg = Debug|Any CPU
		{C6965435-D121-4410-8289-3CD5A8248F36}.Debug|x64.Build.0 = Debug|Any CPU
		{C6965435-D121-4410-8289-3CD5A8248F36}.Debug|x86.ActiveCfg = Debug|Any CPU
		{C6965435-D121-4410-8289-3CD5A8248F36}.Debug|x86.Build.0 = Debug|Any CPU
		{C6965435-D121-4410-8289-3CD5A8248F36}.Release|Any CPU.ActiveCfg = Release|Any CPU
		{C6965435-D121-4410-8289-3CD5A8248F36}.Release|Any CPU.Build.0 = Release|Any CPU
		{C6965435-D121-4410-8289-3CD5A8248F36}.Release|x64.ActiveCfg = Release|Any CPU
		{C6965435-D121-4410-8289-3CD5A8248F36}.Release|x64.Build.0 = Release|Any CPU
		{C6965435-D121-4410-8289-3CD5A8248F36}.Release|x86.ActiveCfg = Release|Any CPU
		{C6965435-D121-4410-8289-3CD5A8248F36}.Release|x86.Build.0 = Release|Any CPU
		{0F2B886F-452D-43B6-9E5A-D78DA4C97D66}.Debug|Any CPU.ActiveCfg = Debug|Any CPU
		{0F2B886F-452D-43B6-9E5A-D78DA4C97D66}.Debug|Any CPU.Build.0 = Debug|Any CPU
		{0F2B886F-452D-43B6-9E5A-D78DA4C97D66}.Debug|x64.ActiveCfg = Debug|Any CPU
		{0F2B886F-452D-43B6-9E5A-D78DA4C97D66}.Debug|x64.Build.0 = Debug|Any CPU
		{0F2B886F-452D-43B6-9E5A-D78DA4C97D66}.Debug|x86.ActiveCfg = Debug|Any CPU
		{0F2B886F-452D-43B6-9E5A-D78DA4C97D66}.Debug|x86.Build.0 = Debug|Any CPU
		{0F2B886F-452D-43B6-9E5A-D78DA4C97D66}.Release|Any CPU.ActiveCfg = Release|Any CPU
		{0F2B886F-452D-43B6-9E5A-D78DA4C97D66}.Release|Any CPU.Build.0 = Release|Any CPU
		{0F2B886F-452D-43B6-9E5A-D78DA4C97D66}.Release|x64.ActiveCfg = Release|Any CPU
		{0F2B886F-452D-43B6-9E5A-D78DA4C97D66}.Release|x64.Build.0 = Release|Any CPU
		{0F2B886F-452D-43B6-9E5A-D78DA4C97D66}.Release|x86.ActiveCfg = Release|Any CPU
		{0F2B886F-452D-43B6-9E5A-D78DA4C97D66}.Release|x86.Build.0 = Release|Any CPU
		{1CE47CE5-34B1-42E2-8E05-3EEEC1051DEF}.Debug|Any CPU.ActiveCfg = Debug|Any CPU
		{1CE47CE5-34B1-42E2-8E05-3EEEC1051DEF}.Debug|Any CPU.Build.0 = Debug|Any CPU
		{1CE47CE5-34B1-42E2-8E05-3EEEC1051DEF}.Debug|x64.ActiveCfg = Debug|Any CPU
		{1CE47CE5-34B1-42E2-8E05-3EEEC1051DEF}.Debug|x64.Build.0 = Debug|Any CPU
		{1CE47CE5-34B1-42E2-8E05-3EEEC1051DEF}.Debug|x86.ActiveCfg = Debug|Any CPU
		{1CE47CE5-34B1-42E2-8E05-3EEEC1051DEF}.Debug|x86.Build.0 = Debug|Any CPU
		{1CE47CE5-34B1-42E2-8E05-3EEEC1051DEF}.Release|Any CPU.ActiveCfg = Release|Any CPU
		{1CE47CE5-34B1-42E2-8E05-3EEEC1051DEF}.Release|Any CPU.Build.0 = Release|Any CPU
		{1CE47CE5-34B1-42E2-8E05-3EEEC1051DEF}.Release|x64.ActiveCfg = Release|Any CPU
		{1CE47CE5-34B1-42E2-8E05-3EEEC1051DEF}.Release|x64.Build.0 = Release|Any CPU
		{1CE47CE5-34B1-42E2-8E05-3EEEC1051DEF}.Release|x86.ActiveCfg = Release|Any CPU
		{1CE47CE5-34B1-42E2-8E05-3EEEC1051DEF}.Release|x86.Build.0 = Release|Any CPU
		{2D568EC8-C6FE-4D03-A875-0815A6BD35E7}.Debug|Any CPU.ActiveCfg = Debug|Any CPU
		{2D568EC8-C6FE-4D03-A875-0815A6BD35E7}.Debug|Any CPU.Build.0 = Debug|Any CPU
		{2D568EC8-C6FE-4D03-A875-0815A6BD35E7}.Debug|x64.ActiveCfg = Debug|Any CPU
		{2D568EC8-C6FE-4D03-A875-0815A6BD35E7}.Debug|x64.Build.0 = Debug|Any CPU
		{2D568EC8-C6FE-4D03-A875-0815A6BD35E7}.Debug|x86.ActiveCfg = Debug|Any CPU
		{2D568EC8-C6FE-4D03-A875-0815A6BD35E7}.Debug|x86.Build.0 = Debug|Any CPU
		{2D568EC8-C6FE-4D03-A875-0815A6BD35E7}.Release|Any CPU.ActiveCfg = Release|Any CPU
		{2D568EC8-C6FE-4D03-A875-0815A6BD35E7}.Release|Any CPU.Build.0 = Release|Any CPU
		{2D568EC8-C6FE-4D03-A875-0815A6BD35E7}.Release|x64.ActiveCfg = Release|Any CPU
		{2D568EC8-C6FE-4D03-A875-0815A6BD35E7}.Release|x64.Build.0 = Release|Any CPU
		{2D568EC8-C6FE-4D03-A875-0815A6BD35E7}.Release|x86.ActiveCfg = Release|Any CPU
		{2D568EC8-C6FE-4D03-A875-0815A6BD35E7}.Release|x86.Build.0 = Release|Any CPU
	EndGlobalSection
	GlobalSection(SolutionProperties) = preSolution
		HideSolutionNode = FALSE
	EndGlobalSection
	GlobalSection(NestedProjects) = preSolution
		{D1A5826B-982C-40D1-BDD6-36895FECD110} = {F4484F6F-A5D9-4B86-94CA-0C7291168D91}
		{5C218688-10F1-461A-B089-C51640916417} = {F4484F6F-A5D9-4B86-94CA-0C7291168D91}
		{F8D0DF4D-A630-425F-BF5F-879CA7D53743} = {78E3F6BD-85AE-4B1F-8F8D-C94F42958B77}
		{5D994929-3E07-41D6-B60A-917B62839BA6} = {E4227746-579C-4EBB-B73A-708BB5FAB7F9}
		{C6965435-D121-4410-8289-3CD5A8248F36} = {1DD51B50-A110-4657-90C5-9836D98784B8}
		{0F2B886F-452D-43B6-9E5A-D78DA4C97D66} = {1DD51B50-A110-4657-90C5-9836D98784B8}
		{1CE47CE5-34B1-42E2-8E05-3EEEC1051DEF} = {1DD51B50-A110-4657-90C5-9836D98784B8}
		{2D568EC8-C6FE-4D03-A875-0815A6BD35E7} = {E4227746-579C-4EBB-B73A-708BB5FAB7F9}
	EndGlobalSection
	GlobalSection(ExtensibilityGlobals) = postSolution
		SolutionGuid = {F415BB40-4A6D-4829-A6C1-A0B0F2EDA775}
	EndGlobalSection
EndGlobal
